
Microsoft Visual Studio Solution File, Format Version 11.00
# Visual C# Express 2010
Project("{FAE04EC0-301F-11D3-BF4B-00C04F79EFBC}") = "monprojetDAL", "monprojetDAL\monprojetDAL.csproj", "{480CBAF1-69AE-47E5-984B-626FAFBC01FF}"
EndProject
Project("{FAE04EC0-301F-11D3-BF4B-00C04F79EFBC}") = "monprojetBAL", "monprojetBO\monprojetBAL.csproj", "{8404B85F-02E9-4759-8F87-7766A48BE8D5}"
EndProject
Project("{FAE04EC0-301F-11D3-BF4B-00C04F79EFBC}") = "monprojetINTERFACE", "monprojetINTERFACE\monprojetINTERFACE.csproj", "{D48B9F0A-CF81-456E-ADDD-8189BD9987C2}"
EndProject
Global
	GlobalSection(SolutionConfigurationPlatforms) = preSolution
		Debug|Any CPU = Debug|Any CPU
		Debug|Mixed Platforms = Debug|Mixed Platforms
		Debug|x86 = Debug|x86
		Release|Any CPU = Release|Any CPU
		Release|Mixed Platforms = Release|Mixed Platforms
		Release|x86 = Release|x86
	EndGlobalSection
	GlobalSection(ProjectConfigurationPlatforms) = postSolution
		{480CBAF1-69AE-47E5-984B-626FAFBC01FF}.Debug|Any CPU.ActiveCfg = Debug|Any CPU
		{480CBAF1-69AE-47E5-984B-626FAFBC01FF}.Debug|Any CPU.Build.0 = Debug|Any CPU
		{480CBAF1-69AE-47E5-984B-626FAFBC01FF}.Debug|Mixed Platforms.ActiveCfg = Debug|Any CPU
		{480CBAF1-69AE-47E5-984B-626FAFBC01FF}.Debug|Mixed Platforms.Build.0 = Debug|Any CPU
		{480CBAF1-69AE-47E5-984B-626FAFBC01FF}.Debug|x86.ActiveCfg = Debug|Any CPU
		{480CBAF1-69AE-47E5-984B-626FAFBC01FF}.Release|Any CPU.ActiveCfg = Release|Any CPU
		{480CBAF1-69AE-47E5-984B-626FAFBC01FF}.Release|Any CPU.Build.0 = Release|Any CPU
		{480CBAF1-69AE-47E5-984B-626FAFBC01FF}.Release|Mixed Platforms.ActiveCfg = Release|Any CPU
		{480CBAF1-69AE-47E5-984B-626FAFBC01FF}.Release|Mixed Platforms.Build.0 = Release|Any CPU
		{480CBAF1-69AE-47E5-984B-626FAFBC01FF}.Release|x86.ActiveCfg = Release|Any CPU
		{8404B85F-02E9-4759-8F87-7766A48BE8D5}.Debug|Any CPU.ActiveCfg = Debug|Any CPU
		{8404B85F-02E9-4759-8F87-7766A48BE8D5}.Debug|Any CPU.Build.0 = Debug|Any CPU
		{8404B85F-02E9-4759-8F87-7766A48BE8D5}.Debug|Mixed Platforms.ActiveCfg = Debug|Any CPU
		{8404B85F-02E9-4759-8F87-7766A48BE8D5}.Debug|Mixed Platforms.Build.0 = Debug|Any CPU
		{8404B85F-02E9-4759-8F87-7766A48BE8D5}.Debug|x86.ActiveCfg = Debug|Any CPU
		{8404B85F-02E9-4759-8F87-7766A48BE8D5}.Release|Any CPU.ActiveCfg = Release|Any CPU
		{8404B85F-02E9-4759-8F87-7766A48BE8D5}.Release|Any CPU.Build.0 = Release|Any CPU
		{8404B85F-02E9-4759-8F87-7766A48BE8D5}.Release|Mixed Platforms.ActiveCfg = Release|Any CPU
		{8404B85F-02E9-4759-8F87-7766A48BE8D5}.Release|Mixed Platforms.Build.0 = Release|Any CPU
		{8404B85F-02E9-4759-8F87-7766A48BE8D5}.Release|x86.ActiveCfg = Release|Any CPU
		{D48B9F0A-CF81-456E-ADDD-8189BD9987C2}.Debug|Any CPU.ActiveCfg = Debug|x86
		{D48B9F0A-CF81-456E-ADDD-8189BD9987C2}.Debug|Mixed Platforms.ActiveCfg = Debug|x86
		{D48B9F0A-CF81-456E-ADDD-8189BD9987C2}.Debug|Mixed Platforms.Build.0 = Debug|x86
		{D48B9F0A-CF81-456E-ADDD-8189BD9987C2}.Debug|x86.ActiveCfg = Debug|x86
		{D48B9F0A-CF81-456E-ADDD-8189BD9987C2}.Debug|x86.Build.0 = Debug|x86
		{D48B9F0A-CF81-456E-ADDD-8189BD9987C2}.Release|Any CPU.ActiveCfg = Release|x86
		{D48B9F0A-CF81-456E-ADDD-8189BD9987C2}.Release|Mixed Platforms.ActiveCfg = Release|x86
		{D48B9F0A-CF81-456E-ADDD-8189BD9987C2}.Release|Mixed Platforms.Build.0 = Release|x86
		{D48B9F0A-CF81-456E-ADDD-8189BD9987C2}.Release|x86.ActiveCfg = Release|x86
		{D48B9F0A-CF81-456E-ADDD-8189BD9987C2}.Release|x86.Build.0 = Release|x86
	EndGlobalSection
	GlobalSection(SolutionProperties) = preSolution
		HideSolutionNode = FALSE
	EndGlobalSection
EndGlobal
